<?xml version="1.0" encoding="utf-8"?>
<Project ToolsVersion="4.0" xmlns="http://schemas.microsoft.com/developer/msbuild/2003">
  <ItemGroup>
    <Filter Include="Source Files">
      <UniqueIdentifier>{93ab7920-26f9-4e5c-8a9d-0d0076d50f3e}</UniqueIdentifier>
    </Filter>
    <Filter Include="Header Files">
      <UniqueIdentifier>{7841c79d-8aa4-42e4-8c00-6e3c41acde61}</UniqueIdentifier>
    </Filter>
  </ItemGroup>
</Project>